
Microsoft Visual Studio Solution File, Format Version 12.00
# Visual Studio 15
VisualStudioVersion = 15.0.28307.539
MinimumVisualStudioVersion = 10.0.40219.1
Project("{FAE04EC0-301F-11D3-BF4B-00C04F79EFBC}") = "Hello World App", "Hello World App\Hello World App.csproj", "{BF48FC3D-C29F-46F4-AF1F-D92F5018AF36}"
EndProject
Global
	GlobalSection(SolutionConfigurationPlatforms) = preSolution
		Debug|Any CPU = Debug|Any CPU
		Release|Any CPU = Release|Any CPU
	EndGlobalSection
	GlobalSection(ProjectConfigurationPlatforms) = postSolution
		{BF48FC3D-C29F-46F4-AF1F-D92F5018AF36}.Debug|Any CPU.ActiveCfg = Debug|Any CPU
		{BF48FC3D-C29F-46F4-AF1F-D92F5018AF36}.Debug|Any CPU.Build.0 = Debug|Any CPU
		{BF48FC3D-C29F-46F4-AF1F-D92F5018AF36}.Release|Any CPU.ActiveCfg = Release|Any CPU
		{BF48FC3D-C29F-46F4-AF1F-D92F5018AF36}.Release|Any CPU.Build.0 = Release|Any CPU
	EndGlobalSection
	GlobalSection(SolutionProperties) = preSolution
		HideSolutionNode = FALSE
	EndGlobalSection
	GlobalSection(ExtensibilityGlobals) = postSolution
		SolutionGuid = {6AFB15F6-50CD-4142-8CD8-D62A6CF8614D}
	EndGlobalSection
EndGlobal
